
Microsoft Visual Studio Solution File, Format Version 12.00
# Visual Studio Version 16
VisualStudioVersion = 16.0.29025.244
MinimumVisualStudioVersion = 10.0.40219.1
Project("{FAE04EC0-301F-11D3-BF4B-00C04F79EFBC}") = "ChatRoom", "ChatRoom\ChatRoom.csproj", "{2E1FEA86-B33E-49B9-ADB2-57296924D652}"
EndProject
Global
	GlobalSection(SolutionConfigurationPlatforms) = preSolution
		Debug|Any CPU = Debug|Any CPU
		Release|Any CPU = Release|Any CPU
	EndGlobalSection
	GlobalSection(ProjectConfigurationPlatforms) = postSolution
		{2E1FEA86-B33E-49B9-ADB2-57296924D652}.Debug|Any CPU.ActiveCfg = Debug|Any CPU
		{2E1FEA86-B33E-49B9-ADB2-57296924D652}.Debug|Any CPU.Build.0 = Debug|Any CPU
		{2E1FEA86-B33E-49B9-ADB2-57296924D652}.Release|Any CPU.ActiveCfg = Release|Any CPU
		{2E1FEA86-B33E-49B9-ADB2-57296924D652}.Release|Any CPU.Build.0 = Release|Any CPU
	EndGlobalSection
	GlobalSection(SolutionProperties) = preSolution
		HideSolutionNode = FALSE
	EndGlobalSection
	GlobalSection(ExtensibilityGlobals) = postSolution
		SolutionGuid = {26355C30-34C7-4231-A0A1-05C8E9E0C07D}
	EndGlobalSection
EndGlobal
