
Microsoft Visual Studio Solution File, Format Version 12.00
# Visual Studio Version 16
VisualStudioVersion = 16.0.29025.244
MinimumVisualStudioVersion = 10.0.40219.1
Project("{FAE04EC0-301F-11D3-BF4B-00C04F79EFBC}") = "Client", "Client\Client.csproj", "{9562C43A-1E4D-45AD-8D08-EC79909AD1EE}"
EndProject
Project("{FAE04EC0-301F-11D3-BF4B-00C04F79EFBC}") = "Server", "Server\Server.csproj", "{579ABE39-12DB-4355-8ACE-0BD7EE568CD9}"
EndProject
Global
	GlobalSection(SolutionConfigurationPlatforms) = preSolution
		Debug|Any CPU = Debug|Any CPU
		Release|Any CPU = Release|Any CPU
	EndGlobalSection
	GlobalSection(ProjectConfigurationPlatforms) = postSolution
		{9562C43A-1E4D-45AD-8D08-EC79909AD1EE}.Debug|Any CPU.ActiveCfg = Debug|Any CPU
		{9562C43A-1E4D-45AD-8D08-EC79909AD1EE}.Debug|Any CPU.Build.0 = Debug|Any CPU
		{9562C43A-1E4D-45AD-8D08-EC79909AD1EE}.Release|Any CPU.ActiveCfg = Release|Any CPU
		{9562C43A-1E4D-45AD-8D08-EC79909AD1EE}.Release|Any CPU.Build.0 = Release|Any CPU
		{579ABE39-12DB-4355-8ACE-0BD7EE568CD9}.Debug|Any CPU.ActiveCfg = Debug|Any CPU
		{579ABE39-12DB-4355-8ACE-0BD7EE568CD9}.Debug|Any CPU.Build.0 = Debug|Any CPU
		{579ABE39-12DB-4355-8ACE-0BD7EE568CD9}.Release|Any CPU.ActiveCfg = Release|Any CPU
		{579ABE39-12DB-4355-8ACE-0BD7EE568CD9}.Release|Any CPU.Build.0 = Release|Any CPU
	EndGlobalSection
	GlobalSection(SolutionProperties) = preSolution
		HideSolutionNode = FALSE
	EndGlobalSection
	GlobalSection(ExtensibilityGlobals) = postSolution
		SolutionGuid = {26355C30-34C7-4231-A0A1-05C8E9E0C07D}
	EndGlobalSection
EndGlobal
